{
  "version": 4,
  "terraform_version": "1.14.4",
  "serial": 33,
  "lineage": "a0ef3450-5ae9-8a7c-a0de-9610ebdce1e8",
  "outputs": {},
  "resources": [
    {
      "module": "module.eks",
      "mode": "data",
      "type": "aws_availability_zones",
      "name": "available",
      "provider": "provider[\"registry.terraform.io/hashicorp/aws\"]",
      "instances": [
        {
          "schema_version": 0,
          "attributes": {
            "all_availability_zones": null,
            "exclude_names": null,
            "exclude_zone_ids": null,
            "filter": null,
            "group_names": [
              "us-west-2-zg-1"
            ],
            "id": "us-west-2",
            "names": [
              "us-west-2a",
              "us-west-2b",
              "us-west-2c",
              "us-west-2d"
            ],
            "region": "us-west-2",
            "state": "available",
            "timeouts": null,
            "zone_ids": [
              "usw2-az1",
              "usw2-az2",
              "usw2-az3",
              "usw2-az4"
            ]
          },
          "sensitive_attributes": [],
          "identity_schema_version": 0
        }
      ]
    },
    {
      "module": "module.eks",
      "mode": "managed",
      "type": "aws_eip",
      "name": "nat-IP",
      "provider": "provider[\"registry.terraform.io/hashicorp/aws\"]",
      "instances": [
        {
          "schema_version": 0,
          "attributes": {
            "address": null,
            "allocation_id": "eipalloc-0ad0512e52b4f80ae",
            "arn": "arn:aws:ec2:us-west-2:495599771332:elastic-ip/eipalloc-0ad0512e52b4f80ae",
            "associate_with_private_ip": null,
            "association_id": "",
            "carrier_ip": "",
            "customer_owned_ip": "",
            "customer_owned_ipv4_pool": "",
            "domain": "vpc",
            "id": "eipalloc-0ad0512e52b4f80ae",
            "instance": "",
            "ipam_pool_id": null,
            "network_border_group": "us-west-2",
            "network_interface": "",
            "private_dns": null,
            "private_ip": "",
            "ptr_record": "",
            "public_dns": "ec2-54-184-124-115.us-west-2.compute.amazonaws.com",
            "public_ip": "54.184.124.115",
            "public_ipv4_pool": "amazon",
            "region": "us-west-2",
            "tags": null,
            "tags_all": {},
            "timeouts": null
          },
          "sensitive_attributes": [],
          "identity_schema_version": 0,
          "private": "eyJlMmJmYjczMC1lY2FhLTExZTYtOGY4OC0zNDM2M2JjN2M0YzAiOnsiZGVsZXRlIjoxODAwMDAwMDAwMDAsInJlYWQiOjkwMDAwMDAwMDAwMCwidXBkYXRlIjozMDAwMDAwMDAwMDB9fQ=="
        }
      ]
    },
    {
      "module": "module.eks",
      "mode": "managed",
      "type": "aws_eks_cluster",
      "name": "eks-terraform",
      "provider": "provider[\"registry.terraform.io/hashicorp/aws\"]",
      "instances": [
        {
          "schema_version": 1,
          "attributes": {
            "access_config": [
              {
                "authentication_mode": "API",
                "bootstrap_cluster_creator_admin_permissions": true
              }
            ],
            "arn": "arn:aws:eks:us-west-2:495599771332:cluster/eks-terraform-dev",
            "bootstrap_self_managed_addons": true,
            "certificate_authority": [
              {
                "data": "LS0tLS1CRUdJTiBDRVJUSUZJQ0FURS0tLS0tCk1JSURCVENDQWUyZ0F3SUJBZ0lJZDQxSmtXMkRvYWd3RFFZSktvWklodmNOQVFFTEJRQXdGVEVUTUJFR0ExVUUKQXhNS2EzVmlaWEp1WlhSbGN6QWVGdzB5TmpBeE1qa3hNVFEwTlRoYUZ3MHpOakF4TWpjeE1UUTVOVGhhTUJVeApFekFSQmdOVkJBTVRDbXQxWW1WeWJtVjBaWE13Z2dFaU1BMEdDU3FHU0liM0RRRUJBUVVBQTRJQkR3QXdnZ0VLCkFvSUJBUURmbGxYVExzVUlFWVV1ampKbTV4MmVudHpzc29pbzlCSG0wY0VudmtneEl6RW5pckJNeStOMnNXSVEKUDVXTzdDTXhudkNuVWJTSFFVRHdibXdQVzJuanhiYUVZQVpVN0VCNEkvVFhPNDRGbThiNE1rTDk4MVRyTU43QwpFWmJFY3AvSGlkYy9LSFBJckJ6aUxnNW9rK0hhTGRBODZuSEc5Uk9mWTg0eXc1cUlZaElpaklJajVsejJNSGF2CksvL29FY0FLM3FjYWk2ZGlKVUo0c2hTZUtFdjVJYjI2OEp5YmZQenF4TkloVitVT3VlZ05Zb3d0YmM2aGZ3KzAKVjRvRlEwTU9uTHpmOS9LL2o0Si94dUZnNXJjWWIvMUxnSTMxQVBkRXp0YUxVblVLY05wa3NVclBNd0ZBczNyZgp0Yk5aOUREOTZQVVNxVTRFUmVYZFdaQ3FmZGUzQWdNQkFBR2pXVEJYTUE0R0ExVWREd0VCL3dRRUF3SUNwREFQCkJnTlZIUk1CQWY4RUJUQURBUUgvTUIwR0ExVWREZ1FXQkJRS2hEZCtqVE9hQU9HS1pndXJDWUVsNDVrYWtqQVYKQmdOVkhSRUVEakFNZ2dwcmRXSmxjbTVsZEdWek1BMEdDU3FHU0liM0RRRUJDd1VBQTRJQkFRQm5IRHBTWmVKbQpBbDZSSlhQNG1ydVNHQkEzaU1OTVd0eG1MQ0ZzVlJnZGkrMzQzOWRXZFQxeWpsc3ptQUUvYWxXSjlSMTN4TEJsCi9XZ3UrWXdSU3h6bEwvNVc1UzlOOUpZQVBtVTk3bnNvSHRUSVNGTzVqWHk4b0JOeTBqSS9hWHdtK2NaZlZ1MGQKL3lsS3pFYmsrTURKYlVxUGtGL0RjeGp6UDJ1dWhKT3hZN1g3ZDZ3MzA3NVNaTHZ0bGk1aTQwZjNqc3FDVFhOMwo0YlY1Wjl0dkZYSGF4TGFlbG1WNlg3SDk0M0JxTm5zQVVmUE16N25nYlRiZVhCSHcvTjNTWEV1N2MvOXN1MTVtCnB1VVJDVG1ib1NmVXpUMVpiZmIrc3VzckkwMTVPMUI2VjNQQmh2K3Ywci9mcWJtcGp6bmFHaFprUEJUZThIdU4KbFgvOWlMSFBIMmY2Ci0tLS0tRU5EIENFUlRJRklDQVRFLS0tLS0K"
              }
            ],
            "cluster_id": null,
            "compute_config": [
              {
                "enabled": false,
                "node_pools": [],
                "node_role_arn": ""
              }
            ],
            "control_plane_scaling_config": [
              {
                "tier": "standard"
              }
            ],
            "created_at": "2026-01-29T11:44:36Z",
            "deletion_protection": false,
            "enabled_cluster_log_types": null,
            "encryption_config": [],
            "endpoint": "https://6A8BDB35A6A339EDD49399B1A7E4C672.gr7.us-west-2.eks.amazonaws.com",
            "force_update_version": null,
            "id": "eks-terraform-dev",
            "identity": [
              {
                "oidc": [
                  {
                    "issuer": "https://oidc.eks.us-west-2.amazonaws.com/id/6A8BDB35A6A339EDD49399B1A7E4C672"
                  }
                ]
              }
            ],
            "kubernetes_network_config": [
              {
                "elastic_load_balancing": [
                  {
                    "enabled": false
                  }
                ],
                "ip_family": "ipv4",
                "service_ipv4_cidr": "172.20.0.0/16",
                "service_ipv6_cidr": ""
              }
            ],
            "name": "eks-terraform-dev",
            "outpost_config": [],
            "platform_version": "eks.58",
            "region": "us-west-2",
            "remote_network_config": [],
            "role_arn": "arn:aws:iam::495599771332:role/eks-terraform-dev-role",
            "status": "ACTIVE",
            "storage_config": [
              {
                "block_storage": [
                  {
                    "enabled": false
                  }
                ]
              }
            ],
            "tags": null,
            "tags_all": {},
            "timeouts": null,
            "upgrade_policy": [
              {
                "support_type": "EXTENDED"
              }
            ],
            "version": "1.30",
            "vpc_config": [
              {
                "cluster_security_group_id": "sg-074830d71c72e7783",
                "endpoint_private_access": false,
                "endpoint_public_access": true,
                "public_access_cidrs": [
                  "0.0.0.0/0"
                ],
                "security_group_ids": null,
                "subnet_ids": [
                  "subnet-012005950a92448ab",
                  "subnet-03330f3b7485f7014",
                  "subnet-07289b1ff4777e2ff",
                  "subnet-0734c5d43a59a7cf8",
                  "subnet-083940450eb5fb82e",
                  "subnet-085f05c7959abe4d0",
                  "subnet-0d28610b885482c08",
                  "subnet-0d6ad1ecbf0e21977"
                ],
                "vpc_id": "vpc-0374bd57c22e730b3"
              }
            ],
            "zonal_shift_config": []
          },
          "sensitive_attributes": [],
          "identity_schema_version": 0,
          "private": "eyJlMmJmYjczMC1lY2FhLTExZTYtOGY4OC0zNDM2M2JjN2M0YzAiOnsiY3JlYXRlIjoxODAwMDAwMDAwMDAwLCJkZWxldGUiOjkwMDAwMDAwMDAwMCwidXBkYXRlIjozNjAwMDAwMDAwMDAwfSwic2NoZW1hX3ZlcnNpb24iOiIxIn0=",
          "dependencies": [
            "module.eks.aws_iam_role.eks-role",
            "module.eks.aws_iam_role_policy_attachment.eks-role-attachment",
            "module.eks.aws_subnet.private",
            "module.eks.aws_subnet.public",
            "module.eks.aws_vpc.eks-terraform-vpc",
            "module.eks.data.aws_availability_zones.available"
          ]
        }
      ]
    },
    {
      "module": "module.eks",
      "mode": "managed",
      "type": "aws_eks_node_group",
      "name": "eks-terraform-node-Group-private",
      "provider": "provider[\"registry.terraform.io/hashicorp/aws\"]",
      "instances": [
        {
          "schema_version": 0,
          "attributes": {
            "ami_type": "AL2023_x86_64_STANDARD",
            "arn": "arn:aws:eks:us-west-2:495599771332:nodegroup/eks-terraform-dev/eks-terraform-node-Group-general/b4ce04cc-4308-19e4-495e-59152258c34a",
            "capacity_type": "ON_DEMAND",
            "cluster_name": "eks-terraform-dev",
            "disk_size": 20,
            "force_update_version": null,
            "id": "eks-terraform-dev:eks-terraform-node-Group-general",
            "instance_types": [
              "t3.small"
            ],
            "labels": {
              "role": "general"
            },
            "launch_template": [],
            "node_group_name": "eks-terraform-node-Group-general",
            "node_group_name_prefix": "",
            "node_repair_config": [],
            "node_role_arn": "arn:aws:iam::495599771332:role/eks-terraform-dev-node-role",
            "region": "us-west-2",
            "release_version": "1.30.14-20260120",
            "remote_access": [],
            "resources": [
              {
                "autoscaling_groups": [
                  {
                    "name": "eks-eks-terraform-node-Group-general-b4ce04cc-4308-19e4-495e-59152258c34a"
                  }
                ],
                "remote_access_security_group_id": ""
              }
            ],
            "scaling_config": [
              {
                "desired_size": 2,
                "max_size": 4,
                "min_size": 1
              }
            ],
            "status": "ACTIVE",
            "subnet_ids": [
              "subnet-07289b1ff4777e2ff",
              "subnet-0d6ad1ecbf0e21977"
            ],
            "tags": null,
            "tags_all": {},
            "taint": [],
            "timeouts": null,
            "update_config": [
              {
                "max_unavailable": 1,
                "max_unavailable_percentage": 0,
                "update_strategy": ""
              }
            ],
            "version": "1.30"
          },
          "sensitive_attributes": [],
          "identity_schema_version": 0,
          "private": "eyJlMmJmYjczMC1lY2FhLTExZTYtOGY4OC0zNDM2M2JjN2M0YzAiOnsiY3JlYXRlIjozNjAwMDAwMDAwMDAwLCJkZWxldGUiOjM2MDAwMDAwMDAwMDAsInVwZGF0ZSI6MzYwMDAwMDAwMDAwMH19",
          "dependencies": [
            "module.eks.aws_eks_cluster.eks-terraform",
            "module.eks.aws_iam_role.eks-role",
            "module.eks.aws_iam_role.node-roles",
            "module.eks.aws_iam_role_policy_attachment.AmazonEC2ContainerRegistryReadOnly",
            "module.eks.aws_iam_role_policy_attachment.AmazonEC2readonly",
            "module.eks.aws_iam_role_policy_attachment.AmazonEKSWorkerNodePolicy",
            "module.eks.aws_iam_role_policy_attachment.AmazonEKS_CNI_Policy",
            "module.eks.aws_iam_role_policy_attachment.CloudwatchReadonlyaccess",
            "module.eks.aws_iam_role_policy_attachment.eks-role-attachment",
            "module.eks.aws_subnet.private",
            "module.eks.aws_subnet.public",
            "module.eks.aws_vpc.eks-terraform-vpc",
            "module.eks.data.aws_availability_zones.available"
          ]
        }
      ]
    },
    {
      "module": "module.eks",
      "mode": "managed",
      "type": "aws_iam_role",
      "name": "eks-role",
      "provider": "provider[\"registry.terraform.io/hashicorp/aws\"]",
      "instances": [
        {
          "schema_version": 0,
          "attributes": {
            "arn": "arn:aws:iam::495599771332:role/eks-terraform-dev-role",
            "assume_role_policy": "{\"Statement\":[{\"Action\":\"sts:AssumeRole\",\"Effect\":\"Allow\",\"Principal\":{\"Service\":\"eks.amazonaws.com\"}}],\"Version\":\"2012-10-17\"}",
            "create_date": "2026-01-29T11:43:59Z",
            "description": "",
            "force_detach_policies": false,
            "id": "eks-terraform-dev-role",
            "inline_policy": [],
            "managed_policy_arns": [],
            "max_session_duration": 3600,
            "name": "eks-terraform-dev-role",
            "name_prefix": "",
            "path": "/",
            "permissions_boundary": "",
            "tags": null,
            "tags_all": {},
            "unique_id": "AROAXGZAML3CBXURITM4F"
          },
          "sensitive_attributes": [],
          "identity_schema_version": 0,
          "identity": {
            "account_id": "495599771332",
            "name": "eks-terraform-dev-role"
          },
          "private": "bnVsbA=="
        }
      ]
    },
    {
      "module": "module.eks",
      "mode": "managed",
      "type": "aws_iam_role",
      "name": "node-roles",
      "provider": "provider[\"registry.terraform.io/hashicorp/aws\"]",
      "instances": [
        {
          "schema_version": 0,
          "attributes": {
            "arn": "arn:aws:iam::495599771332:role/eks-terraform-dev-node-role",
            "assume_role_policy": "{\"Statement\":[{\"Action\":[\"sts:AssumeRole\"],\"Effect\":\"Allow\",\"Principal\":{\"Service\":\"ec2.amazonaws.com\"}}],\"Version\":\"2012-10-17\"}",
            "create_date": "2026-01-29T11:43:59Z",
            "description": "",
            "force_detach_policies": false,
            "id": "eks-terraform-dev-node-role",
            "inline_policy": [],
            "managed_policy_arns": [],
            "max_session_duration": 3600,
            "name": "eks-terraform-dev-node-role",
            "name_prefix": "",
            "path": "/",
            "permissions_boundary": "",
            "tags": null,
            "tags_all": {},
            "unique_id": "AROAXGZAML3CI3OT6SLOV"
          },
          "sensitive_attributes": [],
          "identity_schema_version": 0,
          "identity": {
            "account_id": "495599771332",
            "name": "eks-terraform-dev-node-role"
          },
          "private": "bnVsbA=="
        }
      ]
    },
    {
      "module": "module.eks",
      "mode": "managed",
      "type": "aws_iam_role_policy_attachment",
      "name": "AmazonEC2ContainerRegistryReadOnly",
      "provider": "provider[\"registry.terraform.io/hashicorp/aws\"]",
      "instances": [
        {
          "schema_version": 0,
          "attributes": {
            "id": "eks-terraform-dev-node-role/arn:aws:iam::aws:policy/AmazonEC2ContainerRegistryReadOnly",
            "policy_arn": "arn:aws:iam::aws:policy/AmazonEC2ContainerRegistryReadOnly",
            "role": "eks-terraform-dev-node-role"
          },
          "sensitive_attributes": [],
          "identity_schema_version": 0,
          "identity": {
            "account_id": "495599771332",
            "policy_arn": "arn:aws:iam::aws:policy/AmazonEC2ContainerRegistryReadOnly",
            "role": "eks-terraform-dev-node-role"
          },
          "private": "bnVsbA==",
          "dependencies": [
            "module.eks.aws_iam_role.node-roles"
          ]
        }
      ]
    },
    {
      "module": "module.eks",
      "mode": "managed",
      "type": "aws_iam_role_policy_attachment",
      "name": "AmazonEC2readonly",
      "provider": "provider[\"registry.terraform.io/hashicorp/aws\"]",
      "instances": [
        {
          "schema_version": 0,
          "attributes": {
            "id": "eks-terraform-dev-node-role/arn:aws:iam::aws:policy/AmazonEC2ReadOnlyAccess",
            "policy_arn": "arn:aws:iam::aws:policy/AmazonEC2ReadOnlyAccess",
            "role": "eks-terraform-dev-node-role"
          },
          "sensitive_attributes": [],
          "identity_schema_version": 0,
          "identity": {
            "account_id": "495599771332",
            "policy_arn": "arn:aws:iam::aws:policy/AmazonEC2ReadOnlyAccess",
            "role": "eks-terraform-dev-node-role"
          },
          "private": "bnVsbA==",
          "dependencies": [
            "module.eks.aws_iam_role.node-roles"
          ]
        }
      ]
    },
    {
      "module": "module.eks",
      "mode": "managed",
      "type": "aws_iam_role_policy_attachment",
      "name": "AmazonEKSWorkerNodePolicy",
      "provider": "provider[\"registry.terraform.io/hashicorp/aws\"]",
      "instances": [
        {
          "schema_version": 0,
          "attributes": {
            "id": "eks-terraform-dev-node-role/arn:aws:iam::aws:policy/AmazonEKSWorkerNodePolicy",
            "policy_arn": "arn:aws:iam::aws:policy/AmazonEKSWorkerNodePolicy",
            "role": "eks-terraform-dev-node-role"
          },
          "sensitive_attributes": [],
          "identity_schema_version": 0,
          "identity": {
            "account_id": "495599771332",
            "policy_arn": "arn:aws:iam::aws:policy/AmazonEKSWorkerNodePolicy",
            "role": "eks-terraform-dev-node-role"
          },
          "private": "bnVsbA==",
          "dependencies": [
            "module.eks.aws_iam_role.node-roles"
          ]
        }
      ]
    },
    {
      "module": "module.eks",
      "mode": "managed",
      "type": "aws_iam_role_policy_attachment",
      "name": "AmazonEKS_CNI_Policy",
      "provider": "provider[\"registry.terraform.io/hashicorp/aws\"]",
      "instances": [
        {
          "schema_version": 0,
          "attributes": {
            "id": "eks-terraform-dev-node-role/arn:aws:iam::aws:policy/AmazonEKS_CNI_Policy",
            "policy_arn": "arn:aws:iam::aws:policy/AmazonEKS_CNI_Policy",
            "role": "eks-terraform-dev-node-role"
          },
          "sensitive_attributes": [],
          "identity_schema_version": 0,
          "identity": {
            "account_id": "495599771332",
            "policy_arn": "arn:aws:iam::aws:policy/AmazonEKS_CNI_Policy",
            "role": "eks-terraform-dev-node-role"
          },
          "private": "bnVsbA==",
          "dependencies": [
            "module.eks.aws_iam_role.node-roles"
          ]
        }
      ]
    },
    {
      "module": "module.eks",
      "mode": "managed",
      "type": "aws_iam_role_policy_attachment",
      "name": "CloudwatchReadonlyaccess",
      "provider": "provider[\"registry.terraform.io/hashicorp/aws\"]",
      "instances": [
        {
          "schema_version": 0,
          "attributes": {
            "id": "eks-terraform-dev-node-role/arn:aws:iam::aws:policy/CloudWatchReadOnlyAccess",
            "policy_arn": "arn:aws:iam::aws:policy/CloudWatchReadOnlyAccess",
            "role": "eks-terraform-dev-node-role"
          },
          "sensitive_attributes": [],
          "identity_schema_version": 0,
          "identity": {
            "account_id": "495599771332",
            "policy_arn": "arn:aws:iam::aws:policy/CloudWatchReadOnlyAccess",
            "role": "eks-terraform-dev-node-role"
          },
          "private": "bnVsbA==",
          "dependencies": [
            "module.eks.aws_iam_role.node-roles"
          ]
        }
      ]
    },
    {
      "module": "module.eks",
      "mode": "managed",
      "type": "aws_iam_role_policy_attachment",
      "name": "eks-role-attachment",
      "provider": "provider[\"registry.terraform.io/hashicorp/aws\"]",
      "instances": [
        {
          "schema_version": 0,
          "attributes": {
            "id": "eks-terraform-dev-role/arn:aws:iam::aws:policy/AmazonEKSClusterPolicy",
            "policy_arn": "arn:aws:iam::aws:policy/AmazonEKSClusterPolicy",
            "role": "eks-terraform-dev-role"
          },
          "sensitive_attributes": [],
          "identity_schema_version": 0,
          "identity": {
            "account_id": "495599771332",
            "policy_arn": "arn:aws:iam::aws:policy/AmazonEKSClusterPolicy",
            "role": "eks-terraform-dev-role"
          },
          "private": "bnVsbA==",
          "dependencies": [
            "module.eks.aws_iam_role.eks-role"
          ]
        }
      ]
    },
    {
      "module": "module.eks",
      "mode": "managed",
      "type": "aws_internet_gateway",
      "name": "Igw",
      "provider": "provider[\"registry.terraform.io/hashicorp/aws\"]",
      "instances": [
        {
          "schema_version": 0,
          "attributes": {
            "arn": "arn:aws:ec2:us-west-2:495599771332:internet-gateway/igw-06280eb0130103658",
            "id": "igw-06280eb0130103658",
            "owner_id": "495599771332",
            "region": "us-west-2",
            "tags": {
              "Name": "dev-IGW"
            },
            "tags_all": {
              "Name": "dev-IGW"
            },
            "timeouts": null,
            "vpc_id": "vpc-0374bd57c22e730b3"
          },
          "sensitive_attributes": [],
          "identity_schema_version": 0,
          "private": "eyJlMmJmYjczMC1lY2FhLTExZTYtOGY4OC0zNDM2M2JjN2M0YzAiOnsiY3JlYXRlIjoxMjAwMDAwMDAwMDAwLCJkZWxldGUiOjEyMDAwMDAwMDAwMDAsInVwZGF0ZSI6MTIwMDAwMDAwMDAwMH19",
          "dependencies": [
            "module.eks.aws_vpc.eks-terraform-vpc"
          ]
        }
      ]
    },
    {
      "module": "module.eks",
      "mode": "managed",
      "type": "aws_nat_gateway",
      "name": "vpc-aws_nat_gateway",
      "provider": "provider[\"registry.terraform.io/hashicorp/aws\"]",
      "instances": [
        {
          "schema_version": 0,
          "attributes": {
            "allocation_id": "eipalloc-0ad0512e52b4f80ae",
            "association_id": "eipassoc-024ceec3ba74e85ba",
            "auto_provision_zones": null,
            "auto_scaling_ips": null,
            "availability_mode": "zonal",
            "availability_zone_address": [],
            "connectivity_type": "public",
            "id": "nat-0fd76aef95a893628",
            "network_interface_id": "eni-04ba880493c1a3ccf",
            "private_ip": "10.0.8.117",
            "public_ip": "54.184.124.115",
            "region": "us-west-2",
            "regional_nat_gateway_address": [],
            "regional_nat_gateway_auto_mode": null,
            "route_table_id": null,
            "secondary_allocation_ids": [],
            "secondary_private_ip_address_count": 0,
            "secondary_private_ip_addresses": [],
            "subnet_id": "subnet-085f05c7959abe4d0",
            "tags": {
              "Name": "dev-NAT-GW"
            },
            "tags_all": {
              "Name": "dev-NAT-GW"
            },
            "timeouts": null,
            "vpc_id": "vpc-0374bd57c22e730b3"
          },
          "sensitive_attributes": [],
          "identity_schema_version": 0,
          "private": "eyJlMmJmYjczMC1lY2FhLTExZTYtOGY4OC0zNDM2M2JjN2M0YzAiOnsiY3JlYXRlIjo2MDAwMDAwMDAwMDAsImRlbGV0ZSI6MTgwMDAwMDAwMDAwMCwidXBkYXRlIjo2MDAwMDAwMDAwMDB9fQ==",
          "dependencies": [
            "module.eks.aws_eip.nat-IP",
            "module.eks.aws_internet_gateway.Igw",
            "module.eks.aws_subnet.public",
            "module.eks.aws_vpc.eks-terraform-vpc",
            "module.eks.data.aws_availability_zones.available"
          ]
        }
      ]
    },
    {
      "module": "module.eks",
      "mode": "managed",
      "type": "aws_route_table",
      "name": "private",
      "provider": "provider[\"registry.terraform.io/hashicorp/aws\"]",
      "instances": [
        {
          "schema_version": 0,
          "attributes": {
            "arn": "arn:aws:ec2:us-west-2:495599771332:route-table/rtb-0f96bb2a6152c249e",
            "id": "rtb-0f96bb2a6152c249e",
            "owner_id": "495599771332",
            "propagating_vgws": [],
            "region": "us-west-2",
            "route": [
              {
                "carrier_gateway_id": "",
                "cidr_block": "0.0.0.0/0",
                "core_network_arn": "",
                "destination_prefix_list_id": "",
                "egress_only_gateway_id": "",
                "gateway_id": "",
                "ipv6_cidr_block": "",
                "local_gateway_id": "",
                "nat_gateway_id": "nat-0fd76aef95a893628",
                "network_interface_id": "",
                "transit_gateway_id": "",
                "vpc_endpoint_id": "",
                "vpc_peering_connection_id": ""
              }
            ],
            "tags": {
              "Name": "dev-private-route"
            },
            "tags_all": {
              "Name": "dev-private-route"
            },
            "timeouts": null,
            "vpc_id": "vpc-0374bd57c22e730b3"
          },
          "sensitive_attributes": [],
          "identity_schema_version": 0,
          "identity": {
            "account_id": "495599771332",
            "id": "rtb-0f96bb2a6152c249e",
            "region": "us-west-2"
          },
          "private": "eyJlMmJmYjczMC1lY2FhLTExZTYtOGY4OC0zNDM2M2JjN2M0YzAiOnsiY3JlYXRlIjozMDAwMDAwMDAwMDAsImRlbGV0ZSI6MzAwMDAwMDAwMDAwLCJ1cGRhdGUiOjEyMDAwMDAwMDAwMH19",
          "dependencies": [
            "module.eks.aws_eip.nat-IP",
            "module.eks.aws_internet_gateway.Igw",
            "module.eks.aws_nat_gateway.vpc-aws_nat_gateway",
            "module.eks.aws_subnet.public",
            "module.eks.aws_vpc.eks-terraform-vpc",
            "module.eks.data.aws_availability_zones.available"
          ]
        }
      ]
    },
    {
      "module": "module.eks",
      "mode": "managed",
      "type": "aws_route_table",
      "name": "public",
      "provider": "provider[\"registry.terraform.io/hashicorp/aws\"]",
      "instances": [
        {
          "schema_version": 0,
          "attributes": {
            "arn": "arn:aws:ec2:us-west-2:495599771332:route-table/rtb-038026f566cf9f892",
            "id": "rtb-038026f566cf9f892",
            "owner_id": "495599771332",
            "propagating_vgws": [],
            "region": "us-west-2",
            "route": [
              {
                "carrier_gateway_id": "",
                "cidr_block": "0.0.0.0/0",
                "core_network_arn": "",
                "destination_prefix_list_id": "",
                "egress_only_gateway_id": "",
                "gateway_id": "igw-06280eb0130103658",
                "ipv6_cidr_block": "",
                "local_gateway_id": "",
                "nat_gateway_id": "",
                "network_interface_id": "",
                "transit_gateway_id": "",
                "vpc_endpoint_id": "",
                "vpc_peering_connection_id": ""
              }
            ],
            "tags": {
              "Name": "dev-public-route"
            },
            "tags_all": {
              "Name": "dev-public-route"
            },
            "timeouts": null,
            "vpc_id": "vpc-0374bd57c22e730b3"
          },
          "sensitive_attributes": [],
          "identity_schema_version": 0,
          "identity": {
            "account_id": "495599771332",
            "id": "rtb-038026f566cf9f892",
            "region": "us-west-2"
          },
          "private": "eyJlMmJmYjczMC1lY2FhLTExZTYtOGY4OC0zNDM2M2JjN2M0YzAiOnsiY3JlYXRlIjozMDAwMDAwMDAwMDAsImRlbGV0ZSI6MzAwMDAwMDAwMDAwLCJ1cGRhdGUiOjEyMDAwMDAwMDAwMH19",
          "dependencies": [
            "module.eks.aws_internet_gateway.Igw",
            "module.eks.aws_vpc.eks-terraform-vpc"
          ]
        }
      ]
    },
    {
      "module": "module.eks",
      "mode": "managed",
      "type": "aws_route_table_association",
      "name": "private",
      "provider": "provider[\"registry.terraform.io/hashicorp/aws\"]",
      "instances": [
        {
          "index_key": 0,
          "schema_version": 0,
          "attributes": {
            "gateway_id": "",
            "id": "rtbassoc-0d93b035a37806bd0",
            "region": "us-west-2",
            "route_table_id": "rtb-0f96bb2a6152c249e",
            "subnet_id": "subnet-07289b1ff4777e2ff",
            "timeouts": null
          },
          "sensitive_attributes": [],
          "identity_schema_version": 0,
          "private": "eyJlMmJmYjczMC1lY2FhLTExZTYtOGY4OC0zNDM2M2JjN2M0YzAiOnsiY3JlYXRlIjozMDAwMDAwMDAwMDAsImRlbGV0ZSI6MzAwMDAwMDAwMDAwLCJ1cGRhdGUiOjEyMDAwMDAwMDAwMH19",
          "dependencies": [
            "module.eks.aws_eip.nat-IP",
            "module.eks.aws_internet_gateway.Igw",
            "module.eks.aws_nat_gateway.vpc-aws_nat_gateway",
            "module.eks.aws_route_table.private",
            "module.eks.aws_subnet.private",
            "module.eks.aws_subnet.public",
            "module.eks.aws_vpc.eks-terraform-vpc",
            "module.eks.data.aws_availability_zones.available"
          ]
        },
        {
          "index_key": 1,
          "schema_version": 0,
          "attributes": {
            "gateway_id": "",
            "id": "rtbassoc-072968a0a1826c2e2",
            "region": "us-west-2",
            "route_table_id": "rtb-0f96bb2a6152c249e",
            "subnet_id": "subnet-0d6ad1ecbf0e21977",
            "timeouts": null
          },
          "sensitive_attributes": [],
          "identity_schema_version": 0,
          "private": "eyJlMmJmYjczMC1lY2FhLTExZTYtOGY4OC0zNDM2M2JjN2M0YzAiOnsiY3JlYXRlIjozMDAwMDAwMDAwMDAsImRlbGV0ZSI6MzAwMDAwMDAwMDAwLCJ1cGRhdGUiOjEyMDAwMDAwMDAwMH19",
          "dependencies": [
            "module.eks.aws_eip.nat-IP",
            "module.eks.aws_internet_gateway.Igw",
            "module.eks.aws_nat_gateway.vpc-aws_nat_gateway",
            "module.eks.aws_route_table.private",
            "module.eks.aws_subnet.private",
            "module.eks.aws_subnet.public",
            "module.eks.aws_vpc.eks-terraform-vpc",
            "module.eks.data.aws_availability_zones.available"
          ]
        },
        {
          "index_key": 2,
          "schema_version": 0,
          "attributes": {
            "gateway_id": "",
            "id": "rtbassoc-03182c3428d8e03ed",
            "region": "us-west-2",
            "route_table_id": "rtb-0f96bb2a6152c249e",
            "subnet_id": "subnet-0734c5d43a59a7cf8",
            "timeouts": null
          },
          "sensitive_attributes": [],
          "identity_schema_version": 0,
          "private": "eyJlMmJmYjczMC1lY2FhLTExZTYtOGY4OC0zNDM2M2JjN2M0YzAiOnsiY3JlYXRlIjozMDAwMDAwMDAwMDAsImRlbGV0ZSI6MzAwMDAwMDAwMDAwLCJ1cGRhdGUiOjEyMDAwMDAwMDAwMH19",
          "dependencies": [
            "module.eks.aws_eip.nat-IP",
            "module.eks.aws_internet_gateway.Igw",
            "module.eks.aws_nat_gateway.vpc-aws_nat_gateway",
            "module.eks.aws_route_table.private",
            "module.eks.aws_subnet.private",
            "module.eks.aws_subnet.public",
            "module.eks.aws_vpc.eks-terraform-vpc",
            "module.eks.data.aws_availability_zones.available"
          ]
        },
        {
          "index_key": 3,
          "schema_version": 0,
          "attributes": {
            "gateway_id": "",
            "id": "rtbassoc-0d7d774fd9a8fbd46",
            "region": "us-west-2",
            "route_table_id": "rtb-0f96bb2a6152c249e",
            "subnet_id": "subnet-0d28610b885482c08",
            "timeouts": null
          },
          "sensitive_attributes": [],
          "identity_schema_version": 0,
          "private": "eyJlMmJmYjczMC1lY2FhLTExZTYtOGY4OC0zNDM2M2JjN2M0YzAiOnsiY3JlYXRlIjozMDAwMDAwMDAwMDAsImRlbGV0ZSI6MzAwMDAwMDAwMDAwLCJ1cGRhdGUiOjEyMDAwMDAwMDAwMH19",
          "dependencies": [
            "module.eks.aws_eip.nat-IP",
            "module.eks.aws_internet_gateway.Igw",
            "module.eks.aws_nat_gateway.vpc-aws_nat_gateway",
            "module.eks.aws_route_table.private",
            "module.eks.aws_subnet.private",
            "module.eks.aws_subnet.public",
            "module.eks.aws_vpc.eks-terraform-vpc",
            "module.eks.data.aws_availability_zones.available"
          ]
        }
      ]
    },
    {
      "module": "module.eks",
      "mode": "managed",
      "type": "aws_route_table_association",
      "name": "public",
      "provider": "provider[\"registry.terraform.io/hashicorp/aws\"]",
      "instances": [
        {
          "index_key": 0,
          "schema_version": 0,
          "attributes": {
            "gateway_id": "",
            "id": "rtbassoc-0c8b682ad27f987de",
            "region": "us-west-2",
            "route_table_id": "rtb-038026f566cf9f892",
            "subnet_id": "subnet-085f05c7959abe4d0",
            "timeouts": null
          },
          "sensitive_attributes": [],
          "identity_schema_version": 0,
          "private": "eyJlMmJmYjczMC1lY2FhLTExZTYtOGY4OC0zNDM2M2JjN2M0YzAiOnsiY3JlYXRlIjozMDAwMDAwMDAwMDAsImRlbGV0ZSI6MzAwMDAwMDAwMDAwLCJ1cGRhdGUiOjEyMDAwMDAwMDAwMH19",
          "dependencies": [
            "module.eks.aws_internet_gateway.Igw",
            "module.eks.aws_route_table.public",
            "module.eks.aws_subnet.public",
            "module.eks.aws_vpc.eks-terraform-vpc",
            "module.eks.data.aws_availability_zones.available"
          ]
        },
        {
          "index_key": 1,
          "schema_version": 0,
          "attributes": {
            "gateway_id": "",
            "id": "rtbassoc-075ce9dc2c00532bf",
            "region": "us-west-2",
            "route_table_id": "rtb-038026f566cf9f892",
            "subnet_id": "subnet-012005950a92448ab",
            "timeouts": null
          },
          "sensitive_attributes": [],
          "identity_schema_version": 0,
          "private": "eyJlMmJmYjczMC1lY2FhLTExZTYtOGY4OC0zNDM2M2JjN2M0YzAiOnsiY3JlYXRlIjozMDAwMDAwMDAwMDAsImRlbGV0ZSI6MzAwMDAwMDAwMDAwLCJ1cGRhdGUiOjEyMDAwMDAwMDAwMH19",
          "dependencies": [
            "module.eks.aws_internet_gateway.Igw",
            "module.eks.aws_route_table.public",
            "module.eks.aws_subnet.public",
            "module.eks.aws_vpc.eks-terraform-vpc",
            "module.eks.data.aws_availability_zones.available"
          ]
        },
        {
          "index_key": 2,
          "schema_version": 0,
          "attributes": {
            "gateway_id": "",
            "id": "rtbassoc-0121df1a01c3e3836",
            "region": "us-west-2",
            "route_table_id": "rtb-038026f566cf9f892",
            "subnet_id": "subnet-083940450eb5fb82e",
            "timeouts": null
          },
          "sensitive_attributes": [],
          "identity_schema_version": 0,
          "private": "eyJlMmJmYjczMC1lY2FhLTExZTYtOGY4OC0zNDM2M2JjN2M0YzAiOnsiY3JlYXRlIjozMDAwMDAwMDAwMDAsImRlbGV0ZSI6MzAwMDAwMDAwMDAwLCJ1cGRhdGUiOjEyMDAwMDAwMDAwMH19",
          "dependencies": [
            "module.eks.aws_internet_gateway.Igw",
            "module.eks.aws_route_table.public",
            "module.eks.aws_subnet.public",
            "module.eks.aws_vpc.eks-terraform-vpc",
            "module.eks.data.aws_availability_zones.available"
          ]
        },
        {
          "index_key": 3,
          "schema_version": 0,
          "attributes": {
            "gateway_id": "",
            "id": "rtbassoc-04bd9be41c1197249",
            "region": "us-west-2",
            "route_table_id": "rtb-038026f566cf9f892",
            "subnet_id": "subnet-03330f3b7485f7014",
            "timeouts": null
          },
          "sensitive_attributes": [],
          "identity_schema_version": 0,
          "private": "eyJlMmJmYjczMC1lY2FhLTExZTYtOGY4OC0zNDM2M2JjN2M0YzAiOnsiY3JlYXRlIjozMDAwMDAwMDAwMDAsImRlbGV0ZSI6MzAwMDAwMDAwMDAwLCJ1cGRhdGUiOjEyMDAwMDAwMDAwMH19",
          "dependencies": [
            "module.eks.aws_internet_gateway.Igw",
            "module.eks.aws_route_table.public",
            "module.eks.aws_subnet.public",
            "module.eks.aws_vpc.eks-terraform-vpc",
            "module.eks.data.aws_availability_zones.available"
          ]
        }
      ]
    },
    {
      "module": "module.eks",
      "mode": "managed",
      "type": "aws_subnet",
      "name": "private",
      "provider": "provider[\"registry.terraform.io/hashicorp/aws\"]",
      "instances": [
        {
          "index_key": 0,
          "schema_version": 1,
          "attributes": {
            "arn": "arn:aws:ec2:us-west-2:495599771332:subnet/subnet-07289b1ff4777e2ff",
            "assign_ipv6_address_on_creation": false,
            "availability_zone": "us-west-2a",
            "availability_zone_id": "usw2-az1",
            "cidr_block": "10.0.64.0/20",
            "customer_owned_ipv4_pool": "",
            "enable_dns64": false,
            "enable_lni_at_device_index": 0,
            "enable_resource_name_dns_a_record_on_launch": false,
            "enable_resource_name_dns_aaaa_record_on_launch": false,
            "id": "subnet-07289b1ff4777e2ff",
            "ipv4_ipam_pool_id": null,
            "ipv4_netmask_length": null,
            "ipv6_cidr_block": "",
            "ipv6_cidr_block_association_id": "",
            "ipv6_ipam_pool_id": null,
            "ipv6_native": false,
            "ipv6_netmask_length": null,
            "map_customer_owned_ip_on_launch": false,
            "map_public_ip_on_launch": false,
            "outpost_arn": "",
            "owner_id": "495599771332",
            "private_dns_hostname_type_on_launch": "ip-name",
            "region": "us-west-2",
            "tags": {
              "Name": "dev-private",
              "kubernetes.io/cluster/dev-eks-terraform": "owned",
              "kubernetes.io/role/internal-elb": "1"
            },
            "tags_all": {
              "Name": "dev-private",
              "kubernetes.io/cluster/dev-eks-terraform": "owned",
              "kubernetes.io/role/internal-elb": "1"
            },
            "timeouts": null,
            "vpc_id": "vpc-0374bd57c22e730b3"
          },
          "sensitive_attributes": [],
          "identity_schema_version": 0,
          "identity": {
            "account_id": "495599771332",
            "id": "subnet-07289b1ff4777e2ff",
            "region": "us-west-2"
          },
          "private": "eyJlMmJmYjczMC1lY2FhLTExZTYtOGY4OC0zNDM2M2JjN2M0YzAiOnsiY3JlYXRlIjo2MDAwMDAwMDAwMDAsImRlbGV0ZSI6MTIwMDAwMDAwMDAwMH0sInNjaGVtYV92ZXJzaW9uIjoiMSJ9",
          "dependencies": [
            "module.eks.aws_vpc.eks-terraform-vpc",
            "module.eks.data.aws_availability_zones.available"
          ]
        },
        {
          "index_key": 1,
          "schema_version": 1,
          "attributes": {
            "arn": "arn:aws:ec2:us-west-2:495599771332:subnet/subnet-0d6ad1ecbf0e21977",
            "assign_ipv6_address_on_creation": false,
            "availability_zone": "us-west-2b",
            "availability_zone_id": "usw2-az2",
            "cidr_block": "10.0.80.0/20",
            "customer_owned_ipv4_pool": "",
            "enable_dns64": false,
            "enable_lni_at_device_index": 0,
            "enable_resource_name_dns_a_record_on_launch": false,
            "enable_resource_name_dns_aaaa_record_on_launch": false,
            "id": "subnet-0d6ad1ecbf0e21977",
            "ipv4_ipam_pool_id": null,
            "ipv4_netmask_length": null,
            "ipv6_cidr_block": "",
            "ipv6_cidr_block_association_id": "",
            "ipv6_ipam_pool_id": null,
            "ipv6_native": false,
            "ipv6_netmask_length": null,
            "map_customer_owned_ip_on_launch": false,
            "map_public_ip_on_launch": false,
            "outpost_arn": "",
            "owner_id": "495599771332",
            "private_dns_hostname_type_on_launch": "ip-name",
            "region": "us-west-2",
            "tags": {
              "Name": "dev-private",
              "kubernetes.io/cluster/dev-eks-terraform": "owned",
              "kubernetes.io/role/internal-elb": "1"
            },
            "tags_all": {
              "Name": "dev-private",
              "kubernetes.io/cluster/dev-eks-terraform": "owned",
              "kubernetes.io/role/internal-elb": "1"
            },
            "timeouts": null,
            "vpc_id": "vpc-0374bd57c22e730b3"
          },
          "sensitive_attributes": [],
          "identity_schema_version": 0,
          "identity": {
            "account_id": "495599771332",
            "id": "subnet-0d6ad1ecbf0e21977",
            "region": "us-west-2"
          },
          "private": "eyJlMmJmYjczMC1lY2FhLTExZTYtOGY4OC0zNDM2M2JjN2M0YzAiOnsiY3JlYXRlIjo2MDAwMDAwMDAwMDAsImRlbGV0ZSI6MTIwMDAwMDAwMDAwMH0sInNjaGVtYV92ZXJzaW9uIjoiMSJ9",
          "dependencies": [
            "module.eks.aws_vpc.eks-terraform-vpc",
            "module.eks.data.aws_availability_zones.available"
          ]
        },
        {
          "index_key": 2,
          "schema_version": 1,
          "attributes": {
            "arn": "arn:aws:ec2:us-west-2:495599771332:subnet/subnet-0734c5d43a59a7cf8",
            "assign_ipv6_address_on_creation": false,
            "availability_zone": "us-west-2c",
            "availability_zone_id": "usw2-az3",
            "cidr_block": "10.0.96.0/20",
            "customer_owned_ipv4_pool": "",
            "enable_dns64": false,
            "enable_lni_at_device_index": 0,
            "enable_resource_name_dns_a_record_on_launch": false,
            "enable_resource_name_dns_aaaa_record_on_launch": false,
            "id": "subnet-0734c5d43a59a7cf8",
            "ipv4_ipam_pool_id": null,
            "ipv4_netmask_length": null,
            "ipv6_cidr_block": "",
            "ipv6_cidr_block_association_id": "",
            "ipv6_ipam_pool_id": null,
            "ipv6_native": false,
            "ipv6_netmask_length": null,
            "map_customer_owned_ip_on_launch": false,
            "map_public_ip_on_launch": false,
            "outpost_arn": "",
            "owner_id": "495599771332",
            "private_dns_hostname_type_on_launch": "ip-name",
            "region": "us-west-2",
            "tags": {
              "Name": "dev-private",
              "kubernetes.io/cluster/dev-eks-terraform": "owned",
              "kubernetes.io/role/internal-elb": "1"
            },
            "tags_all": {
              "Name": "dev-private",
              "kubernetes.io/cluster/dev-eks-terraform": "owned",
              "kubernetes.io/role/internal-elb": "1"
            },
            "timeouts": null,
            "vpc_id": "vpc-0374bd57c22e730b3"
          },
          "sensitive_attributes": [],
          "identity_schema_version": 0,
          "identity": {
            "account_id": "495599771332",
            "id": "subnet-0734c5d43a59a7cf8",
            "region": "us-west-2"
          },
          "private": "eyJlMmJmYjczMC1lY2FhLTExZTYtOGY4OC0zNDM2M2JjN2M0YzAiOnsiY3JlYXRlIjo2MDAwMDAwMDAwMDAsImRlbGV0ZSI6MTIwMDAwMDAwMDAwMH0sInNjaGVtYV92ZXJzaW9uIjoiMSJ9",
          "dependencies": [
            "module.eks.aws_vpc.eks-terraform-vpc",
            "module.eks.data.aws_availability_zones.available"
          ]
        },
        {
          "index_key": 3,
          "schema_version": 1,
          "attributes": {
            "arn": "arn:aws:ec2:us-west-2:495599771332:subnet/subnet-0d28610b885482c08",
            "assign_ipv6_address_on_creation": false,
            "availability_zone": "us-west-2d",
            "availability_zone_id": "usw2-az4",
            "cidr_block": "10.0.112.0/20",
            "customer_owned_ipv4_pool": "",
            "enable_dns64": false,
            "enable_lni_at_device_index": 0,
            "enable_resource_name_dns_a_record_on_launch": false,
            "enable_resource_name_dns_aaaa_record_on_launch": false,
            "id": "subnet-0d28610b885482c08",
            "ipv4_ipam_pool_id": null,
            "ipv4_netmask_length": null,
            "ipv6_cidr_block": "",
            "ipv6_cidr_block_association_id": "",
            "ipv6_ipam_pool_id": null,
            "ipv6_native": false,
            "ipv6_netmask_length": null,
            "map_customer_owned_ip_on_launch": false,
            "map_public_ip_on_launch": false,
            "outpost_arn": "",
            "owner_id": "495599771332",
            "private_dns_hostname_type_on_launch": "ip-name",
            "region": "us-west-2",
            "tags": {
              "Name": "dev-private",
              "kubernetes.io/cluster/dev-eks-terraform": "owned",
              "kubernetes.io/role/internal-elb": "1"
            },
            "tags_all": {
              "Name": "dev-private",
              "kubernetes.io/cluster/dev-eks-terraform": "owned",
              "kubernetes.io/role/internal-elb": "1"
            },
            "timeouts": null,
            "vpc_id": "vpc-0374bd57c22e730b3"
          },
          "sensitive_attributes": [],
          "identity_schema_version": 0,
          "identity": {
            "account_id": "495599771332",
            "id": "subnet-0d28610b885482c08",
            "region": "us-west-2"
          },
          "private": "eyJlMmJmYjczMC1lY2FhLTExZTYtOGY4OC0zNDM2M2JjN2M0YzAiOnsiY3JlYXRlIjo2MDAwMDAwMDAwMDAsImRlbGV0ZSI6MTIwMDAwMDAwMDAwMH0sInNjaGVtYV92ZXJzaW9uIjoiMSJ9",
          "dependencies": [
            "module.eks.aws_vpc.eks-terraform-vpc",
            "module.eks.data.aws_availability_zones.available"
          ]
        }
      ]
    },
    {
      "module": "module.eks",
      "mode": "managed",
      "type": "aws_subnet",
      "name": "public",
      "provider": "provider[\"registry.terraform.io/hashicorp/aws\"]",
      "instances": [
        {
          "index_key": 0,
          "schema_version": 1,
          "attributes": {
            "arn": "arn:aws:ec2:us-west-2:495599771332:subnet/subnet-085f05c7959abe4d0",
            "assign_ipv6_address_on_creation": false,
            "availability_zone": "us-west-2a",
            "availability_zone_id": "usw2-az1",
            "cidr_block": "10.0.0.0/20",
            "customer_owned_ipv4_pool": "",
            "enable_dns64": false,
            "enable_lni_at_device_index": 0,
            "enable_resource_name_dns_a_record_on_launch": false,
            "enable_resource_name_dns_aaaa_record_on_launch": false,
            "id": "subnet-085f05c7959abe4d0",
            "ipv4_ipam_pool_id": null,
            "ipv4_netmask_length": null,
            "ipv6_cidr_block": "",
            "ipv6_cidr_block_association_id": "",
            "ipv6_ipam_pool_id": null,
            "ipv6_native": false,
            "ipv6_netmask_length": null,
            "map_customer_owned_ip_on_launch": false,
            "map_public_ip_on_launch": true,
            "outpost_arn": "",
            "owner_id": "495599771332",
            "private_dns_hostname_type_on_launch": "ip-name",
            "region": "us-west-2",
            "tags": {
              "Name": "dev-public",
              "kubernetes.io/cluster/dev-eks-terraform": "owned",
              "kubernets.io/role/elb": "1"
            },
            "tags_all": {
              "Name": "dev-public",
              "kubernetes.io/cluster/dev-eks-terraform": "owned",
              "kubernets.io/role/elb": "1"
            },
            "timeouts": null,
            "vpc_id": "vpc-0374bd57c22e730b3"
          },
          "sensitive_attributes": [],
          "identity_schema_version": 0,
          "identity": {
            "account_id": "495599771332",
            "id": "subnet-085f05c7959abe4d0",
            "region": "us-west-2"
          },
          "private": "eyJlMmJmYjczMC1lY2FhLTExZTYtOGY4OC0zNDM2M2JjN2M0YzAiOnsiY3JlYXRlIjo2MDAwMDAwMDAwMDAsImRlbGV0ZSI6MTIwMDAwMDAwMDAwMH0sInNjaGVtYV92ZXJzaW9uIjoiMSJ9",
          "dependencies": [
            "module.eks.aws_vpc.eks-terraform-vpc",
            "module.eks.data.aws_availability_zones.available"
          ]
        },
        {
          "index_key": 1,
          "schema_version": 1,
          "attributes": {
            "arn": "arn:aws:ec2:us-west-2:495599771332:subnet/subnet-012005950a92448ab",
            "assign_ipv6_address_on_creation": false,
            "availability_zone": "us-west-2b",
            "availability_zone_id": "usw2-az2",
            "cidr_block": "10.0.16.0/20",
            "customer_owned_ipv4_pool": "",
            "enable_dns64": false,
            "enable_lni_at_device_index": 0,
            "enable_resource_name_dns_a_record_on_launch": false,
            "enable_resource_name_dns_aaaa_record_on_launch": false,
            "id": "subnet-012005950a92448ab",
            "ipv4_ipam_pool_id": null,
            "ipv4_netmask_length": null,
            "ipv6_cidr_block": "",
            "ipv6_cidr_block_association_id": "",
            "ipv6_ipam_pool_id": null,
            "ipv6_native": false,
            "ipv6_netmask_length": null,
            "map_customer_owned_ip_on_launch": false,
            "map_public_ip_on_launch": true,
            "outpost_arn": "",
            "owner_id": "495599771332",
            "private_dns_hostname_type_on_launch": "ip-name",
            "region": "us-west-2",
            "tags": {
              "Name": "dev-public",
              "kubernetes.io/cluster/dev-eks-terraform": "owned",
              "kubernets.io/role/elb": "1"
            },
            "tags_all": {
              "Name": "dev-public",
              "kubernetes.io/cluster/dev-eks-terraform": "owned",
              "kubernets.io/role/elb": "1"
            },
            "timeouts": null,
            "vpc_id": "vpc-0374bd57c22e730b3"
          },
          "sensitive_attributes": [],
          "identity_schema_version": 0,
          "identity": {
            "account_id": "495599771332",
            "id": "subnet-012005950a92448ab",
            "region": "us-west-2"
          },
          "private": "eyJlMmJmYjczMC1lY2FhLTExZTYtOGY4OC0zNDM2M2JjN2M0YzAiOnsiY3JlYXRlIjo2MDAwMDAwMDAwMDAsImRlbGV0ZSI6MTIwMDAwMDAwMDAwMH0sInNjaGVtYV92ZXJzaW9uIjoiMSJ9",
          "dependencies": [
            "module.eks.aws_vpc.eks-terraform-vpc",
            "module.eks.data.aws_availability_zones.available"
          ]
        },
        {
          "index_key": 2,
          "schema_version": 1,
          "attributes": {
            "arn": "arn:aws:ec2:us-west-2:495599771332:subnet/subnet-083940450eb5fb82e",
            "assign_ipv6_address_on_creation": false,
            "availability_zone": "us-west-2c",
            "availability_zone_id": "usw2-az3",
            "cidr_block": "10.0.32.0/20",
            "customer_owned_ipv4_pool": "",
            "enable_dns64": false,
            "enable_lni_at_device_index": 0,
            "enable_resource_name_dns_a_record_on_launch": false,
            "enable_resource_name_dns_aaaa_record_on_launch": false,
            "id": "subnet-083940450eb5fb82e",
            "ipv4_ipam_pool_id": null,
            "ipv4_netmask_length": null,
            "ipv6_cidr_block": "",
            "ipv6_cidr_block_association_id": "",
            "ipv6_ipam_pool_id": null,
            "ipv6_native": false,
            "ipv6_netmask_length": null,
            "map_customer_owned_ip_on_launch": false,
            "map_public_ip_on_launch": true,
            "outpost_arn": "",
            "owner_id": "495599771332",
            "private_dns_hostname_type_on_launch": "ip-name",
            "region": "us-west-2",
            "tags": {
              "Name": "dev-public",
              "kubernetes.io/cluster/dev-eks-terraform": "owned",
              "kubernets.io/role/elb": "1"
            },
            "tags_all": {
              "Name": "dev-public",
              "kubernetes.io/cluster/dev-eks-terraform": "owned",
              "kubernets.io/role/elb": "1"
            },
            "timeouts": null,
            "vpc_id": "vpc-0374bd57c22e730b3"
          },
          "sensitive_attributes": [],
          "identity_schema_version": 0,
          "identity": {
            "account_id": "495599771332",
            "id": "subnet-083940450eb5fb82e",
            "region": "us-west-2"
          },
          "private": "eyJlMmJmYjczMC1lY2FhLTExZTYtOGY4OC0zNDM2M2JjN2M0YzAiOnsiY3JlYXRlIjo2MDAwMDAwMDAwMDAsImRlbGV0ZSI6MTIwMDAwMDAwMDAwMH0sInNjaGVtYV92ZXJzaW9uIjoiMSJ9",
          "dependencies": [
            "module.eks.aws_vpc.eks-terraform-vpc",
            "module.eks.data.aws_availability_zones.available"
          ]
        },
        {
          "index_key": 3,
          "schema_version": 1,
          "attributes": {
            "arn": "arn:aws:ec2:us-west-2:495599771332:subnet/subnet-03330f3b7485f7014",
            "assign_ipv6_address_on_creation": false,
            "availability_zone": "us-west-2d",
            "availability_zone_id": "usw2-az4",
            "cidr_block": "10.0.48.0/20",
            "customer_owned_ipv4_pool": "",
            "enable_dns64": false,
            "enable_lni_at_device_index": 0,
            "enable_resource_name_dns_a_record_on_launch": false,
            "enable_resource_name_dns_aaaa_record_on_launch": false,
            "id": "subnet-03330f3b7485f7014",
            "ipv4_ipam_pool_id": null,
            "ipv4_netmask_length": null,
            "ipv6_cidr_block": "",
            "ipv6_cidr_block_association_id": "",
            "ipv6_ipam_pool_id": null,
            "ipv6_native": false,
            "ipv6_netmask_length": null,
            "map_customer_owned_ip_on_launch": false,
            "map_public_ip_on_launch": true,
            "outpost_arn": "",
            "owner_id": "495599771332",
            "private_dns_hostname_type_on_launch": "ip-name",
            "region": "us-west-2",
            "tags": {
              "Name": "dev-public",
              "kubernetes.io/cluster/dev-eks-terraform": "owned",
              "kubernets.io/role/elb": "1"
            },
            "tags_all": {
              "Name": "dev-public",
              "kubernetes.io/cluster/dev-eks-terraform": "owned",
              "kubernets.io/role/elb": "1"
            },
            "timeouts": null,
            "vpc_id": "vpc-0374bd57c22e730b3"
          },
          "sensitive_attributes": [],
          "identity_schema_version": 0,
          "identity": {
            "account_id": "495599771332",
            "id": "subnet-03330f3b7485f7014",
            "region": "us-west-2"
          },
          "private": "eyJlMmJmYjczMC1lY2FhLTExZTYtOGY4OC0zNDM2M2JjN2M0YzAiOnsiY3JlYXRlIjo2MDAwMDAwMDAwMDAsImRlbGV0ZSI6MTIwMDAwMDAwMDAwMH0sInNjaGVtYV92ZXJzaW9uIjoiMSJ9",
          "dependencies": [
            "module.eks.aws_vpc.eks-terraform-vpc",
            "module.eks.data.aws_availability_zones.available"
          ]
        }
      ]
    },
    {
      "module": "module.eks",
      "mode": "managed",
      "type": "aws_vpc",
      "name": "eks-terraform-vpc",
      "provider": "provider[\"registry.terraform.io/hashicorp/aws\"]",
      "instances": [
        {
          "schema_version": 1,
          "attributes": {
            "arn": "arn:aws:ec2:us-west-2:495599771332:vpc/vpc-0374bd57c22e730b3",
            "assign_generated_ipv6_cidr_block": false,
            "cidr_block": "10.0.0.0/16",
            "default_network_acl_id": "acl-080482d8784f5f4d7",
            "default_route_table_id": "rtb-00aa25241b31dde3c",
            "default_security_group_id": "sg-0a0838524c0b505a5",
            "dhcp_options_id": "dopt-02e8cbe36f386f83f",
            "enable_dns_hostnames": true,
            "enable_dns_support": true,
            "enable_network_address_usage_metrics": false,
            "id": "vpc-0374bd57c22e730b3",
            "instance_tenancy": "default",
            "ipv4_ipam_pool_id": null,
            "ipv4_netmask_length": null,
            "ipv6_association_id": "",
            "ipv6_cidr_block": "",
            "ipv6_cidr_block_network_border_group": "",
            "ipv6_ipam_pool_id": "",
            "ipv6_netmask_length": 0,
            "main_route_table_id": "rtb-00aa25241b31dde3c",
            "owner_id": "495599771332",
            "region": "us-west-2",
            "tags": {
              "Name": "dev-vpc"
            },
            "tags_all": {
              "Name": "dev-vpc"
            }
          },
          "sensitive_attributes": [],
          "identity_schema_version": 0,
          "identity": {
            "account_id": "495599771332",
            "id": "vpc-0374bd57c22e730b3",
            "region": "us-west-2"
          },
          "private": "eyJzY2hlbWFfdmVyc2lvbiI6IjEifQ=="
        }
      ]
    }
  ],
  "check_results": null
}
